
Microsoft Visual Studio Solution File, Format Version 12.00
# Visual Studio Version 17
VisualStudioVersion = 17.3.32901.215
MinimumVisualStudioVersion = 10.0.40219.1
Project("{FAE04EC0-301F-11D3-BF4B-00C04F79EFBC}") = "WorkingWithOwnDB", "WorkingWithOwnDB\WorkingWithOwnDB.csproj", "{C2D17245-0F30-496C-89C8-4C7EEAADC250}"
EndProject
Global
	GlobalSection(SolutionConfigurationPlatforms) = preSolution
		Debug|Any CPU = Debug|Any CPU
		Release|Any CPU = Release|Any CPU
	EndGlobalSection
	GlobalSection(ProjectConfigurationPlatforms) = postSolution
		{C2D17245-0F30-496C-89C8-4C7EEAADC250}.Debug|Any CPU.ActiveCfg = Debug|Any CPU
		{C2D17245-0F30-496C-89C8-4C7EEAADC250}.Debug|Any CPU.Build.0 = Debug|Any CPU
		{C2D17245-0F30-496C-89C8-4C7EEAADC250}.Release|Any CPU.ActiveCfg = Release|Any CPU
		{C2D17245-0F30-496C-89C8-4C7EEAADC250}.Release|Any CPU.Build.0 = Release|Any CPU
	EndGlobalSection
	GlobalSection(SolutionProperties) = preSolution
		HideSolutionNode = FALSE
	EndGlobalSection
	GlobalSection(ExtensibilityGlobals) = postSolution
		SolutionGuid = {55EA97D7-5A29-4891-8E93-5229F7CDF4D5}
	EndGlobalSection
EndGlobal
